
Microsoft Visual Studio Solution File, Format Version 12.00
# Visual Studio 15
VisualStudioVersion = 15.0.27130.2003
MinimumVisualStudioVersion = 10.0.40219.1
Project("{FAE04EC0-301F-11D3-BF4B-00C04F79EFBC}") = "Newtonsoft.Json", "Newtonsoft.Json\Newtonsoft.Json.csproj", "{57A1945F-D41A-43EF-AFDE-A728F8A0FC49}"
EndProject
Global
	GlobalSection(SolutionConfigurationPlatforms) = preSolution
		Debug|Any CPU = Debug|Any CPU
		Release|Any CPU = Release|Any CPU
	EndGlobalSection
	GlobalSection(ProjectConfigurationPlatforms) = postSolution
		{57A1945F-D41A-43EF-AFDE-A728F8A0FC49}.Debug|Any CPU.ActiveCfg = Debug|Any CPU
		{57A1945F-D41A-43EF-AFDE-A728F8A0FC49}.Debug|Any CPU.Build.0 = Debug|Any CPU
		{57A1945F-D41A-43EF-AFDE-A728F8A0FC49}.Release|Any CPU.ActiveCfg = Release|Any CPU
		{57A1945F-D41A-43EF-AFDE-A728F8A0FC49}.Release|Any CPU.Build.0 = Release|Any CPU
	EndGlobalSection
	GlobalSection(SolutionProperties) = preSolution
		HideSolutionNode = FALSE
	EndGlobalSection
	GlobalSection(ExtensibilityGlobals) = postSolution
		SolutionGuid = {6D740E92-2BF6-41B7-AC67-51A95A2F56BC}
	EndGlobalSection
EndGlobal
